{
  "name": "libpear",
  "lockfileVersion": 3,
  "requires": true,
  "packages": {
    "": {
      "name": "libpear",
      "license": "Apache-2.0",
      "devDependencies": {
        "cmake-fetch": "^1.1.0"
      }
    },
    "node_modules/cmake-fetch": {
      "version": "1.1.0",
      "resolved": "https://registry.npmjs.org/cmake-fetch/-/cmake-fetch-1.1.0.tgz",
      "integrity": "sha512-unZwzzZg6xTL8KqitiaiWC2+ggsbmxy8gw0F68r7MwN0ReN6EsUs4v8f3XSGXUGJmoe2b0Fj0Yf6ggMHUR4KVg==",
      "dev": true,
      "license": "Apache-2.0"
    }
  }
}
