{
  "name": "libpear",
  "lockfileVersion": 3,
  "requires": true,
  "packages": {
    "": {
      "name": "libpear",
      "license": "Apache-2.0",
      "devDependencies": {
        "cmake-bare": "^1.4.0",
        "cmake-fetch": "^1.1.0"
      }
    },
    "node_modules/cmake-bare": {
      "version": "1.4.1",
      "resolved": "https://registry.npmjs.org/cmake-bare/-/cmake-bare-1.4.1.tgz",
      "integrity": "sha512-D7+Z857s9mBVSfw4RIpz8z0TrPh6vt8tBLnQo6mbtYFSobMt6CVwwRmelRUOZBs51GNZNcRLBMD0DyK0iWqXVA==",
      "dev": true,
      "license": "Apache-2.0",
      "dependencies": {
        "cmake-npm": "^1.0.0"
      }
    },
    "node_modules/cmake-fetch": {
      "version": "1.1.1",
      "resolved": "https://registry.npmjs.org/cmake-fetch/-/cmake-fetch-1.1.1.tgz",
      "integrity": "sha512-Dlc6QMG2lYWr+nmvlvJvFZy7/eLW2RGRYCMQSbFnL8F4FP4tND3zhu2N7vQM/bhlEengF3y8KF6IM6gIB2crpw==",
      "dev": true,
      "license": "Apache-2.0"
    },
    "node_modules/cmake-npm": {
      "version": "1.0.4",
      "resolved": "https://registry.npmjs.org/cmake-npm/-/cmake-npm-1.0.4.tgz",
      "integrity": "sha512-qYjgqDxjfglIswTChmO62U+Rem4ocWhZcec/fEw+dNYvyyepBMcl5lzC9CAwjnpiuODpEee+d1/JNnF+7VPqtw==",
      "dev": true,
      "license": "Apache-2.0"
    }
  }
}
