{
  "name": "libpear",
  "lockfileVersion": 3,
  "requires": true,
  "packages": {
    "": {
      "name": "libpear",
      "license": "Apache-2.0",
      "devDependencies": {
        "cmake-bare": "^1.4.0",
        "cmake-fetch": "^1.1.0",
        "prettier": "^3.4.2",
        "prettier-config-standard": "^7.0.0"
      }
    },
    "node_modules/cmake-bare": {
      "version": "1.5.4",
      "resolved": "https://registry.npmjs.org/cmake-bare/-/cmake-bare-1.5.4.tgz",
      "integrity": "sha512-+ZFZsb9O/w9OXCEJCVef3NFour1Lpt1pWa2EtiD8mVRgXIKqlr6BcsTbrQHPV3bvt9cDEXgosu0e/aHczgjRxQ==",
      "dev": true,
      "license": "Apache-2.0",
      "dependencies": {
        "cmake-npm": "^1.1.0"
      }
    },
    "node_modules/cmake-fetch": {
      "version": "1.4.1",
      "resolved": "https://registry.npmjs.org/cmake-fetch/-/cmake-fetch-1.4.1.tgz",
      "integrity": "sha512-OxBt0YBHVgNO3n+ETRELMuDdMl+/w2p8grbzlsDEqpykbHEulVV6ogfkD1kuO0OTPAc9qJAbSSuGcoPOv3NUMQ==",
      "dev": true,
      "license": "Apache-2.0"
    },
    "node_modules/cmake-npm": {
      "version": "1.1.0",
      "resolved": "https://registry.npmjs.org/cmake-npm/-/cmake-npm-1.1.0.tgz",
      "integrity": "sha512-+mM1ykb4k0bSR5afW0LcVLEf1rd00o95m8PeotnCfXcsnEQ++TKrf86noO4G9uLGrvgKi9kD1BJvaZyN4G8CDw==",
      "dev": true,
      "license": "Apache-2.0"
    },
    "node_modules/prettier": {
      "version": "3.5.3",
      "resolved": "https://registry.npmjs.org/prettier/-/prettier-3.5.3.tgz",
      "integrity": "sha512-QQtaxnoDJeAkDvDKWCLiwIXkTgRhwYDEQCghU9Z6q03iyek/rxRh/2lC3HB7P8sWT2xC/y5JDctPLBIGzHKbhw==",
      "dev": true,
      "license": "MIT",
      "bin": {
        "prettier": "bin/prettier.cjs"
      },
      "engines": {
        "node": ">=14"
      },
      "funding": {
        "url": "https://github.com/prettier/prettier?sponsor=1"
      }
    },
    "node_modules/prettier-config-standard": {
      "version": "7.0.0",
      "resolved": "https://registry.npmjs.org/prettier-config-standard/-/prettier-config-standard-7.0.0.tgz",
      "integrity": "sha512-NgZy4TYupJR6aMMuV/Aqs0ONnVhlFT8PXVkYRskxREq8EUhJHOddVfBxPV6fWpgcASpJSgvvhVLk0CBO5M3Hvw==",
      "dev": true,
      "license": "BSD-3-Clause",
      "peerDependencies": {
        "prettier": "^2.6.0 || ^3.0.0"
      }
    }
  }
}
